
Microsoft Visual Studio Solution File, Format Version 12.00
# Visual Studio Version 16
VisualStudioVersion = 16.0.810.20
MinimumVisualStudioVersion = 10.0.40219.1
Project("{FAE04EC0-301F-11D3-BF4B-00C04F79EFBC}") = "Projet-pokedex", "Projet-pokedex.csproj", "{137A1200-BC23-4D6E-BAB0-A490B21175FF}"
EndProject
Global
	GlobalSection(SolutionConfigurationPlatforms) = preSolution
		Debug|Any CPU = Debug|Any CPU
		Release|Any CPU = Release|Any CPU
	EndGlobalSection
	GlobalSection(ProjectConfigurationPlatforms) = postSolution
		{137A1200-BC23-4D6E-BAB0-A490B21175FF}.Debug|Any CPU.ActiveCfg = Debug|Any CPU
		{137A1200-BC23-4D6E-BAB0-A490B21175FF}.Debug|Any CPU.Build.0 = Debug|Any CPU
		{137A1200-BC23-4D6E-BAB0-A490B21175FF}.Release|Any CPU.ActiveCfg = Release|Any CPU
		{137A1200-BC23-4D6E-BAB0-A490B21175FF}.Release|Any CPU.Build.0 = Release|Any CPU
	EndGlobalSection
	GlobalSection(SolutionProperties) = preSolution
		HideSolutionNode = FALSE
	EndGlobalSection
	GlobalSection(ExtensibilityGlobals) = postSolution
		SolutionGuid = {067A6D9C-276F-43D5-A27D-36355AC2EC05}
	EndGlobalSection
EndGlobal
